{
  "name": "google-taxonomy-matcher",
  "version": "1.0.0",
  "lockfileVersion": 1,
  "requires": true,
  "dependencies": {
    "minisearch": {
      "version": "2.6.2",
      "resolved": "https://registry.npmjs.org/minisearch/-/minisearch-2.6.2.tgz",
      "integrity": "sha512-9I8qFrgPUPbFKuRaly5M8h72TtwpSprgP/eIVtrqQGjuJa/vsSoByRrbiUh76D62DNZVRwhhzt8c9v+4VycXgg=="
    }
  }
}
